<?xml version="1.0" encoding="utf-8"?>
<Project ToolsVersion="14.0" xmlns="http://schemas.microsoft.com/developer/msbuild/2003">
  <ItemGroup>
    <Filter Include="Common">
      <UniqueIdentifier>73ea73cf-bc37-4217-a837-f16327cad5b0</UniqueIdentifier>
    </Filter>
    <Filter Include="Assets">
      <UniqueIdentifier>edf245f4-daf3-411d-bd8a-c1a35efcea55</UniqueIdentifier>
      <Extensions>bmp;fbx;gif;jpg;jpeg;tga;tiff;tif;png</Extensions>
    </Filter>
    <Filter Include="entry">
      <UniqueIdentifier>{7fc57fd4-1815-463e-beff-08d245cc6c42}</UniqueIdentifier>
    </Filter>
  </ItemGroup>
  <ItemGroup>
    <ClCompile Include="App.xaml.cpp" />
    <ClCompile Include="MainPage.xaml.cpp" />
    <ClCompile Include="pch.cpp" />
    <ClCompile Include="..\..\..\kissshot\core\entry\KSEntry-winrt.cpp">
      <Filter>entry</Filter>
    </ClCompile>
  </ItemGroup>
  <ItemGroup>
    <ClInclude Include="pch.h" />
    <ClInclude Include="App.xaml.h" />
    <ClInclude Include="MainPage.xaml.h" />
    <ClInclude Include="..\..\..\kissshot\core\entry\KSEntry-winrt.h">
      <Filter>entry</Filter>
    </ClInclude>
    <ClInclude Include="..\..\..\kissshot\core\entry\KSEntry.h" />
  </ItemGroup>
  <ItemGroup>
    <Image Include="Assets\LockScreenLogo.scale-200.png">
      <Filter>Assets</Filter>
    </Image>
    <Image Include="Assets\SplashScreen.scale-200.png">
      <Filter>Assets</Filter>
    </Image>
    <Image Include="Assets\Square150x150Logo.scale-200.png">
      <Filter>Assets</Filter>
    </Image>
    <Image Include="Assets\Square44x44Logo.scale-200.png">
      <Filter>Assets</Filter>
    </Image>
    <Image Include="Assets\Square44x44Logo.targetsize-24_altform-unplated.png">
      <Filter>Assets</Filter>
    </Image>
    <Image Include="Assets\StoreLogo.png">
      <Filter>Assets</Filter>
    </Image>
    <Image Include="Assets\Wide310x150Logo.scale-200.png">
      <Filter>Assets</Filter>
    </Image>
  </ItemGroup>
  <ItemGroup>
    <AppxManifest Include="Package.appxmanifest" />
  </ItemGroup>
  <ItemGroup>
    <None Include="Test.WinRT_TemporaryKey.pfx" />
    <None Include="Assets\fs_cubes.sc">
      <Filter>Assets</Filter>
    </None>
    <None Include="Assets\varying.def.sc">
      <Filter>Assets</Filter>
    </None>
    <None Include="Assets\vs_cubes.sc">
      <Filter>Assets</Filter>
    </None>
    <None Include="Assets\vs_cubes.bin" />
    <None Include="Assets\fs_cubes.bin">
      <Filter>Assets</Filter>
    </None>
  </ItemGroup>
</Project>